
Microsoft Visual Studio Solution File, Format Version 12.00
# Visual Studio Version 17
VisualStudioVersion = 17.13.35825.156
MinimumVisualStudioVersion = 10.0.40219.1
Project("{2150E333-8FDC-42A3-9474-1A3956D46DE8}") = "Services", "Services", "{02EA681E-C7D8-13C7-8484-4AC65E1B71E8}"
EndProject
Project("{2150E333-8FDC-42A3-9474-1A3956D46DE8}") = "Catalog", "Catalog", "{FB4F1FE6-8197-43ED-949D-ED05C7245058}"
EndProject
Project("{FAE04EC0-301F-11D3-BF4B-00C04F79EFBC}") = "Catalog.API", "Services\Catalog\Catalog.API\Catalog.API.csproj", "{5C1079F9-A03E-4A1E-B24F-FF1C28C6C3B0}"
EndProject
Project("{2150E333-8FDC-42A3-9474-1A3956D46DE8}") = "BuildingBlocks", "BuildingBlocks", "{EC8857F3-E2C2-4DC8-A057-4AA0C4A8DE77}"
EndProject
Project("{FAE04EC0-301F-11D3-BF4B-00C04F79EFBC}") = "BuildingBlocks", "BuildingBlocks\BuildingBlocks\BuildingBlocks.csproj", "{57BE66B8-6544-4B4E-A38B-8067AC19749C}"
EndProject
Project("{E53339B2-1760-4266-BCC7-CA923CBCF16C}") = "docker-compose", "docker-compose.dcproj", "{81DDED9D-158B-E303-5F62-77A2896D2A5A}"
EndProject
Project("{2150E333-8FDC-42A3-9474-1A3956D46DE8}") = "Basket", "Basket", "{1424262A-4BFD-4827-9292-95E312A72D54}"
EndProject
Project("{FAE04EC0-301F-11D3-BF4B-00C04F79EFBC}") = "Basket.API", "Services\Basket\Basket.API\Basket.API.csproj", "{0EF3E24E-6832-408F-B6E1-FBED4BBED057}"
EndProject
Project("{2150E333-8FDC-42A3-9474-1A3956D46DE8}") = "Discount", "Discount", "{FB38E1BE-B935-4F31-9034-FE1F2B7D212B}"
EndProject
Project("{FAE04EC0-301F-11D3-BF4B-00C04F79EFBC}") = "Discount.gRPC", "Services\Discount\Discount.gRPC\Discount.gRPC.csproj", "{1F6A1752-17BA-47DA-AD77-088F56D6F0A2}"
EndProject
Project("{2150E333-8FDC-42A3-9474-1A3956D46DE8}") = "Ordering", "Ordering", "{EC279894-8186-489A-BD03-1126862B7D81}"
EndProject
Project("{FAE04EC0-301F-11D3-BF4B-00C04F79EFBC}") = "Ordering.API", "Services\Ordering\Ordering.API\Ordering.API.csproj", "{E987E819-F1B1-4F92-B4BB-55987F66F8E5}"
EndProject
Project("{FAE04EC0-301F-11D3-BF4B-00C04F79EFBC}") = "Ordering.Domain", "Services\Ordering\Ordering.Domain\Ordering.Domain.csproj", "{725439A5-E232-4025-B69A-8A2825160488}"
EndProject
Project("{FAE04EC0-301F-11D3-BF4B-00C04F79EFBC}") = "Ordering.Applicaton", "Services\Ordering\Ordering.Applicaton\Ordering.Applicaton.csproj", "{8EBF5ECD-AF79-4FE4-B92F-4D8F8C65FDA7}"
EndProject
Project("{FAE04EC0-301F-11D3-BF4B-00C04F79EFBC}") = "Ordering.Infrastructure", "Services\Ordering\Ordering.Infrastructure\Ordering.Infrastructure.csproj", "{682084D3-FC9E-4A75-B280-257892EE4CD9}"
EndProject
Global
	GlobalSection(SolutionConfigurationPlatforms) = preSolution
		Debug|Any CPU = Debug|Any CPU
		Release|Any CPU = Release|Any CPU
	EndGlobalSection
	GlobalSection(ProjectConfigurationPlatforms) = postSolution
		{5C1079F9-A03E-4A1E-B24F-FF1C28C6C3B0}.Debug|Any CPU.ActiveCfg = Debug|Any CPU
		{5C1079F9-A03E-4A1E-B24F-FF1C28C6C3B0}.Debug|Any CPU.Build.0 = Debug|Any CPU
		{5C1079F9-A03E-4A1E-B24F-FF1C28C6C3B0}.Release|Any CPU.ActiveCfg = Release|Any CPU
		{5C1079F9-A03E-4A1E-B24F-FF1C28C6C3B0}.Release|Any CPU.Build.0 = Release|Any CPU
		{57BE66B8-6544-4B4E-A38B-8067AC19749C}.Debug|Any CPU.ActiveCfg = Debug|Any CPU
		{57BE66B8-6544-4B4E-A38B-8067AC19749C}.Debug|Any CPU.Build.0 = Debug|Any CPU
		{57BE66B8-6544-4B4E-A38B-8067AC19749C}.Release|Any CPU.ActiveCfg = Release|Any CPU
		{57BE66B8-6544-4B4E-A38B-8067AC19749C}.Release|Any CPU.Build.0 = Release|Any CPU
		{81DDED9D-158B-E303-5F62-77A2896D2A5A}.Debug|Any CPU.ActiveCfg = Debug|Any CPU
		{81DDED9D-158B-E303-5F62-77A2896D2A5A}.Debug|Any CPU.Build.0 = Debug|Any CPU
		{81DDED9D-158B-E303-5F62-77A2896D2A5A}.Release|Any CPU.ActiveCfg = Release|Any CPU
		{81DDED9D-158B-E303-5F62-77A2896D2A5A}.Release|Any CPU.Build.0 = Release|Any CPU
		{0EF3E24E-6832-408F-B6E1-FBED4BBED057}.Debug|Any CPU.ActiveCfg = Debug|Any CPU
		{0EF3E24E-6832-408F-B6E1-FBED4BBED057}.Debug|Any CPU.Build.0 = Debug|Any CPU
		{0EF3E24E-6832-408F-B6E1-FBED4BBED057}.Release|Any CPU.ActiveCfg = Release|Any CPU
		{0EF3E24E-6832-408F-B6E1-FBED4BBED057}.Release|Any CPU.Build.0 = Release|Any CPU
		{1F6A1752-17BA-47DA-AD77-088F56D6F0A2}.Debug|Any CPU.ActiveCfg = Debug|Any CPU
		{1F6A1752-17BA-47DA-AD77-088F56D6F0A2}.Debug|Any CPU.Build.0 = Debug|Any CPU
		{1F6A1752-17BA-47DA-AD77-088F56D6F0A2}.Release|Any CPU.ActiveCfg = Release|Any CPU
		{1F6A1752-17BA-47DA-AD77-088F56D6F0A2}.Release|Any CPU.Build.0 = Release|Any CPU
		{E987E819-F1B1-4F92-B4BB-55987F66F8E5}.Debug|Any CPU.ActiveCfg = Debug|Any CPU
		{E987E819-F1B1-4F92-B4BB-55987F66F8E5}.Debug|Any CPU.Build.0 = Debug|Any CPU
		{E987E819-F1B1-4F92-B4BB-55987F66F8E5}.Release|Any CPU.ActiveCfg = Release|Any CPU
		{E987E819-F1B1-4F92-B4BB-55987F66F8E5}.Release|Any CPU.Build.0 = Release|Any CPU
		{725439A5-E232-4025-B69A-8A2825160488}.Debug|Any CPU.ActiveCfg = Debug|Any CPU
		{725439A5-E232-4025-B69A-8A2825160488}.Debug|Any CPU.Build.0 = Debug|Any CPU
		{725439A5-E232-4025-B69A-8A2825160488}.Release|Any CPU.ActiveCfg = Release|Any CPU
		{725439A5-E232-4025-B69A-8A2825160488}.Release|Any CPU.Build.0 = Release|Any CPU
		{8EBF5ECD-AF79-4FE4-B92F-4D8F8C65FDA7}.Debug|Any CPU.ActiveCfg = Debug|Any CPU
		{8EBF5ECD-AF79-4FE4-B92F-4D8F8C65FDA7}.Debug|Any CPU.Build.0 = Debug|Any CPU
		{8EBF5ECD-AF79-4FE4-B92F-4D8F8C65FDA7}.Release|Any CPU.ActiveCfg = Release|Any CPU
		{8EBF5ECD-AF79-4FE4-B92F-4D8F8C65FDA7}.Release|Any CPU.Build.0 = Release|Any CPU
		{682084D3-FC9E-4A75-B280-257892EE4CD9}.Debug|Any CPU.ActiveCfg = Debug|Any CPU
		{682084D3-FC9E-4A75-B280-257892EE4CD9}.Debug|Any CPU.Build.0 = Debug|Any CPU
		{682084D3-FC9E-4A75-B280-257892EE4CD9}.Release|Any CPU.ActiveCfg = Release|Any CPU
		{682084D3-FC9E-4A75-B280-257892EE4CD9}.Release|Any CPU.Build.0 = Release|Any CPU
	EndGlobalSection
	GlobalSection(SolutionProperties) = preSolution
		HideSolutionNode = FALSE
	EndGlobalSection
	GlobalSection(NestedProjects) = preSolution
		{FB4F1FE6-8197-43ED-949D-ED05C7245058} = {02EA681E-C7D8-13C7-8484-4AC65E1B71E8}
		{5C1079F9-A03E-4A1E-B24F-FF1C28C6C3B0} = {FB4F1FE6-8197-43ED-949D-ED05C7245058}
		{57BE66B8-6544-4B4E-A38B-8067AC19749C} = {EC8857F3-E2C2-4DC8-A057-4AA0C4A8DE77}
		{1424262A-4BFD-4827-9292-95E312A72D54} = {02EA681E-C7D8-13C7-8484-4AC65E1B71E8}
		{0EF3E24E-6832-408F-B6E1-FBED4BBED057} = {1424262A-4BFD-4827-9292-95E312A72D54}
		{FB38E1BE-B935-4F31-9034-FE1F2B7D212B} = {02EA681E-C7D8-13C7-8484-4AC65E1B71E8}
		{1F6A1752-17BA-47DA-AD77-088F56D6F0A2} = {FB38E1BE-B935-4F31-9034-FE1F2B7D212B}
		{EC279894-8186-489A-BD03-1126862B7D81} = {02EA681E-C7D8-13C7-8484-4AC65E1B71E8}
		{E987E819-F1B1-4F92-B4BB-55987F66F8E5} = {EC279894-8186-489A-BD03-1126862B7D81}
		{725439A5-E232-4025-B69A-8A2825160488} = {EC279894-8186-489A-BD03-1126862B7D81}
		{8EBF5ECD-AF79-4FE4-B92F-4D8F8C65FDA7} = {EC279894-8186-489A-BD03-1126862B7D81}
		{682084D3-FC9E-4A75-B280-257892EE4CD9} = {EC279894-8186-489A-BD03-1126862B7D81}
	EndGlobalSection
	GlobalSection(ExtensibilityGlobals) = postSolution
		SolutionGuid = {DFD631F4-A2EC-48F3-BA3D-18630AB5C152}
	EndGlobalSection
EndGlobal
